
Microsoft Visual Studio Solution File, Format Version 12.00
# Visual Studio Version 17
VisualStudioVersion = 17.4.33213.308
MinimumVisualStudioVersion = 10.0.40219.1
Project("{FAE04EC0-301F-11D3-BF4B-00C04F79EFBC}") = "ShellCSharp", "ShellCSharp\ShellCSharp.csproj", "{6FE536BA-1085-40AC-B616-8561DE200034}"
EndProject
Global
	GlobalSection(SolutionConfigurationPlatforms) = preSolution
		Debug|Any CPU = Debug|Any CPU
		Release|Any CPU = Release|Any CPU
	EndGlobalSection
	GlobalSection(ProjectConfigurationPlatforms) = postSolution
		{6FE536BA-1085-40AC-B616-8561DE200034}.Debug|Any CPU.ActiveCfg = Debug|Any CPU
		{6FE536BA-1085-40AC-B616-8561DE200034}.Debug|Any CPU.Build.0 = Debug|Any CPU
		{6FE536BA-1085-40AC-B616-8561DE200034}.Release|Any CPU.ActiveCfg = Release|Any CPU
		{6FE536BA-1085-40AC-B616-8561DE200034}.Release|Any CPU.Build.0 = Release|Any CPU
	EndGlobalSection
	GlobalSection(SolutionProperties) = preSolution
		HideSolutionNode = FALSE
	EndGlobalSection
	GlobalSection(ExtensibilityGlobals) = postSolution
		SolutionGuid = {577A69BA-6940-4129-AE32-5B3F3415ED4D}
	EndGlobalSection
EndGlobal
